// !$*UTF8*$!
{
	archiveVersion = 1;
	classes = {
	};
	objectVersion = 55;
	objects = {

/* Begin PBXBuildFile section */
		45E3A9EB278797520029DAEF /* AppDelegate.swift in Sources */ = {isa = PBXBuildFile; fileRef = 45E3A9EA278797520029DAEF /* AppDelegate.swift */; };
		45E3A9ED278797520029DAEF /* SceneDelegate.swift in Sources */ = {isa = PBXBuildFile; fileRef = 45E3A9EC278797520029DAEF /* SceneDelegate.swift */; };
		45E3A9EF278797520029DAEF /* ViewController.swift in Sources */ = {isa = PBXBuildFile; fileRef = 45E3A9EE278797520029DAEF /* ViewController.swift */; };
		45E3A9F2278797520029DAEF /* Main.storyboard in Resources */ = {isa = PBXBuildFile; fileRef = 45E3A9F0278797520029DAEF /* Main.storyboard */; };
		45E3A9F4278797540029DAEF /* Assets.xcassets in Resources */ = {isa = PBXBuildFile; fileRef = 45E3A9F3278797540029DAEF /* Assets.xcassets */; };
		45E3A9F7278797540029DAEF /* LaunchScreen.storyboard in Resources */ = {isa = PBXBuildFile; fileRef = 45E3A9F5278797540029DAEF /* LaunchScreen.storyboard */; };
		45E3AA02278797540029DAEF /* iOS_PreworkTests.swift in Sources */ = {isa = PBXBuildFile; fileRef = 45E3AA01278797540029DAEF /* iOS_PreworkTests.swift */; };
		45E3AA0C278797540029DAEF /* iOS_PreworkUITests.swift in Sources */ = {isa = PBXBuildFile; fileRef = 45E3AA0B278797540029DAEF /* iOS_PreworkUITests.swift */; };
		45E3AA0E278797540029DAEF /* iOS_PreworkUITestsLaunchTests.swift in Sources */ = {isa = PBXBuildFile; fileRef = 45E3AA0D278797540029DAEF /* iOS_PreworkUITestsLaunchTests.swift */; };
/* End PBXBuildFile section */

/* Begin PBXContainerItemProxy section */
		45E3A9FE278797540029DAEF /* PBXContainerItemProxy */ = {
			isa = PBXContainerItemProxy;
			containerPortal = 45E3A9DF278797520029DAEF /* Project object */;
			proxyType = 1;
			remoteGlobalIDString = 45E3A9E6278797520029DAEF;
			remoteInfo = "iOS Prework";
		};
		45E3AA08278797540029DAEF /* PBXContainerItemProxy */ = {
			isa = PBXContainerItemProxy;
			containerPortal = 45E3A9DF278797520029DAEF /* Project object */;
			proxyType = 1;
			remoteGlobalIDString = 45E3A9E6278797520029DAEF;
			remoteInfo = "iOS Prework";
		};
/* End PBXContainerItemProxy section */

/* Begin PBXFileReference section */
		45E3A9E7278797520029DAEF /* iOS Prework.app */ = {isa = PBXFileReference; explicitFileType = wrapper.application; includeInIndex = 0; path = "iOS Prework.app"; sourceTree = BUILT_PRODUCTS_DIR; };
		45E3A9EA278797520029DAEF /* AppDelegate.swift */ = {isa = PBXFileReference; lastKnownFileType = sourcecode.swift; path = AppDelegate.swift; sourceTree = "<group>"; };
		45E3A9EC278797520029DAEF /* SceneDelegate.swift */ = {isa = PBXFileReference; lastKnownFileType = sourcecode.swift; path = SceneDelegate.swift; sourceTree = "<group>"; };
		45E3A9EE278797520029DAEF /* ViewController.swift */ = {isa = PBXFileReference; lastKnownFileType = sourcecode.swift; path = ViewController.swift; sourceTree = "<group>"; };
		45E3A9F1278797520029DAEF /* Base */ = {isa = PBXFileReference; lastKnownFileType = file.storyboard; name = Base; path = Base.lproj/Main.storyboard; sourceTree = "<group>"; };
		45E3A9F3278797540029DAEF /* Assets.xcassets */ = {isa = PBXFileReference; lastKnownFileType = folder.assetcatalog; path = Assets.xcassets; sourceTree = "<group>"; };
		45E3A9F6278797540029DAEF /* Base */ = {isa = PBXFileReference; lastKnownFileType = file.storyboard; name = Base; path = Base.lproj/LaunchScreen.storyboard; sourceTree = "<group>"; };
		45E3A9F8278797540029DAEF /* Info.plist */ = {isa = PBXFileReference; lastKnownFileType = text.plist.xml; path = Info.plist; sourceTree = "<group>"; };
		45E3A9FD278797540029DAEF /* iOS PreworkTests.xctest */ = {isa = PBXFileReference; explicitFileType = wrapper.cfbundle; includeInIndex = 0; path = "iOS PreworkTests.xctest"; sourceTree = BUILT_PRODUCTS_DIR; };
		45E3AA01278797540029DAEF /* iOS_PreworkTests.swift */ = {isa = PBXFileReference; lastKnownFileType = sourcecode.swift; path = iOS_PreworkTests.swift; sourceTree = "<group>"; };
		45E3AA07278797540029DAEF /* iOS PreworkUITests.xctest */ = {isa = PBXFileReference; explicitFileType = wrapper.cfbundle; includeInIndex = 0; path = "iOS PreworkUITests.xctest"; sourceTree = BUILT_PRODUCTS_DIR; };
		45E3AA0B278797540029DAEF /* iOS_PreworkUITests.swift */ = {isa = PBXFileReference; lastKnownFileType = sourcecode.swift; path = iOS_PreworkUITests.swift; sourceTree = "<group>"; };
		45E3AA0D278797540029DAEF /* iOS_PreworkUITestsLaunchTests.swift */ = {isa = PBXFileReference; lastKnownFileType = sourcecode.swift; path = iOS_PreworkUITestsLaunchTests.swift; sourceTree = "<group>"; };
/* End PBXFileReference section */

/* Begin PBXFrameworksBuildPhase section */
		45E3A9E4278797520029DAEF /* Frameworks */ = {
			isa = PBXFrameworksBuildPhase;
			buildActionMask = 2147483647;
			files = (
			);
			runOnlyForDeploymentPostprocessing = 0;
		};
		45E3A9FA278797540029DAEF /* Frameworks */ = {
			isa = PBXFrameworksBuildPhase;
			buildActionMask = 2147483647;
			files = (
			);
			runOnlyForDeploymentPostprocessing = 0;
		};
		45E3AA04278797540029DAEF /* Frameworks */ = {
			isa = PBXFrameworksBuildPhase;
			buildActionMask = 2147483647;
			files = (
			);
			runOnlyForDeploymentPostprocessing = 0;
		};
/* End PBXFrameworksBuildPhase section */

/* Begin PBXGroup section */
		45E3A9DE278797520029DAEF = {
			isa = PBXGroup;
			children = (
				45E3A9E9278797520029DAEF /* iOS Prework */,
				45E3AA00278797540029DAEF /* iOS PreworkTests */,
				45E3AA0A278797540029DAEF /* iOS PreworkUITests */,
				45E3A9E8278797520029DAEF /* Products */,
			);
			sourceTree = "<group>";
		};
		45E3A9E8278797520029DAEF /* Products */ = {
			isa = PBXGroup;
			children = (
				45E3A9E7278797520029DAEF /* iOS Prework.app */,
				45E3A9FD278797540029DAEF /* iOS PreworkTests.xctest */,
				45E3AA07278797540029DAEF /* iOS PreworkUITests.xctest */,
			);
			name = Products;
			sourceTree = "<group>";
		};
		45E3A9E9278797520029DAEF /* iOS Prework */ = {
			isa = PBXGroup;
			children = (
				45E3A9EA278797520029DAEF /* AppDelegate.swift */,
				45E3A9EC278797520029DAEF /* SceneDelegate.swift */,
				45E3A9EE278797520029DAEF /* ViewController.swift */,
				45E3A9F0278797520029DAEF /* Main.storyboard */,
				45E3A9F3278797540029DAEF /* Assets.xcassets */,
				45E3A9F5278797540029DAEF /* LaunchScreen.storyboard */,
				45E3A9F8278797540029DAEF /* Info.plist */,
			);
			path = "iOS Prework";
			sourceTree = "<group>";
		};
		45E3AA00278797540029DAEF /* iOS PreworkTests */ = {
			isa = PBXGroup;
			children = (
				45E3AA01278797540029DAEF /* iOS_PreworkTests.swift */,
			);
			path = "iOS PreworkTests";
			sourceTree = "<group>";
		};
		45E3AA0A278797540029DAEF /* iOS PreworkUITests */ = {
			isa = PBXGroup;
			children = (
				45E3AA0B278797540029DAEF /* iOS_PreworkUITests.swift */,
				45E3AA0D278797540029DAEF /* iOS_PreworkUITestsLaunchTests.swift */,
			);
			path = "iOS PreworkUITests";
			sourceTree = "<group>";
		};
/* End PBXGroup section */

/* Begin PBXNativeTarget section */
		45E3A9E6278797520029DAEF /* iOS Prework */ = {
			isa = PBXNativeTarget;
			buildConfigurationList = 45E3AA11278797540029DAEF /* Build configuration list for PBXNativeTarget "iOS Prework" */;
			buildPhases = (
				45E3A9E3278797520029DAEF /* Sources */,
				45E3A9E4278797520029DAEF /* Frameworks */,
				45E3A9E5278797520029DAEF /* Resources */,
			);
			buildRules = (
			);
			dependencies = (
			);
			name = "iOS Prework";
			productName = "iOS Prework";
			productReference = 45E3A9E7278797520029DAEF /* iOS Prework.app */;
			productType = "com.apple.product-type.application";
		};
		45E3A9FC278797540029DAEF /* iOS PreworkTests */ = {
			isa = PBXNativeTarget;
			buildConfigurationList = 45E3AA14278797540029DAEF /* Build configuration list for PBXNativeTarget "iOS PreworkTests" */;
			buildPhases = (
				45E3A9F9278797540029DAEF /* Sources */,
				45E3A9FA278797540029DAEF /* Frameworks */,
				45E3A9FB278797540029DAEF /* Resources */,
			);
			buildRules = (
			);
			dependencies = (
				45E3A9FF278797540029DAEF /* PBXTargetDependency */,
			);
			name = "iOS PreworkTests";
			productName = "iOS PreworkTests";
			productReference = 45E3A9FD278797540029DAEF /* iOS PreworkTests.xctest */;
			productType = "com.apple.product-type.bundle.unit-test";
		};
		45E3AA06278797540029DAEF /* iOS PreworkUITests */ = {
			isa = PBXNativeTarget;
			buildConfigurationList = 45E3AA17278797540029DAEF /* Build configuration list for PBXNativeTarget "iOS PreworkUITests" */;
			buildPhases = (
				45E3AA03278797540029DAEF /* Sources */,
				45E3AA04278797540029DAEF /* Frameworks */,
				45E3AA05278797540029DAEF /* Resources */,
			);
			buildRules = (
			);
			dependencies = (
				45E3AA09278797540029DAEF /* PBXTargetDependency */,
			);
			name = "iOS PreworkUITests";
			productName = "iOS PreworkUITests";
			productReference = 45E3AA07278797540029DAEF /* iOS PreworkUITests.xctest */;
			productType = "com.apple.product-type.bundle.ui-testing";
		};
/* End PBXNativeTarget section */

/* Begin PBXProject section */
		45E3A9DF278797520029DAEF /* Project object */ = {
			isa = PBXProject;
			attributes = {
				BuildIndependentTargetsInParallel = 1;
				LastSwiftUpdateCheck = 1320;
				LastUpgradeCheck = 1320;
				TargetAttributes = {
					45E3A9E6278797520029DAEF = {
						CreatedOnToolsVersion = 13.2.1;
					};
					45E3A9FC278797540029DAEF = {
						CreatedOnToolsVersion = 13.2.1;
						TestTargetID = 45E3A9E6278797520029DAEF;
					};
					45E3AA06278797540029DAEF = {
						CreatedOnToolsVersion = 13.2.1;
						TestTargetID = 45E3A9E6278797520029DAEF;
					};
				};
			};
			buildConfigurationList = 45E3A9E2278797520029DAEF /* Build configuration list for PBXProject "iOS Prework" */;
			compatibilityVersion = "Xcode 13.0";
			developmentRegion = en;
			hasScannedForEncodings = 0;
			knownRegions = (
				en,
				Base,
			);
			mainGroup = 45E3A9DE278797520029DAEF;
			productRefGroup = 45E3A9E8278797520029DAEF /* Products */;
			projectDirPath = "";
			projectRoot = "";
			targets = (
				45E3A9E6278797520029DAEF /* iOS Prework */,
				45E3A9FC278797540029DAEF /* iOS PreworkTests */,
				45E3AA06278797540029DAEF /* iOS PreworkUITests */,
			);
		};
/* End PBXProject section */

/* Begin PBXResourcesBuildPhase section */
		45E3A9E5278797520029DAEF /* Resources */ = {
			isa = PBXResourcesBuildPhase;
			buildActionMask = 2147483647;
			files = (
				45E3A9F7278797540029DAEF /* LaunchScreen.storyboard in Resources */,
				45E3A9F4278797540029DAEF /* Assets.xcassets in Resources */,
				45E3A9F2278797520029DAEF /* Main.storyboard in Resources */,
			);
			runOnlyForDeploymentPostprocessing = 0;
		};
		45E3A9FB278797540029DAEF /* Resources */ = {
			isa = PBXResourcesBuildPhase;
			buildActionMask = 2147483647;
			files = (
			);
			runOnlyForDeploymentPostprocessing = 0;
		};
		45E3AA05278797540029DAEF /* Resources */ = {
			isa = PBXResourcesBuildPhase;
			buildActionMask = 2147483647;
			files = (
			);
			runOnlyForDeploymentPostprocessing = 0;
		};
/* End PBXResourcesBuildPhase section */

/* Begin PBXSourcesBuildPhase section */
		45E3A9E3278797520029DAEF /* Sources */ = {
			isa = PBXSourcesBuildPhase;
			buildActionMask = 2147483647;
			files = (
				45E3A9EF278797520029DAEF /* ViewController.swift in Sources */,
				45E3A9EB278797520029DAEF /* AppDelegate.swift in Sources */,
				45E3A9ED278797520029DAEF /* SceneDelegate.swift in Sources */,
			);
			runOnlyForDeploymentPostprocessing = 0;
		};
		45E3A9F9278797540029DAEF /* Sources */ = {
			isa = PBXSourcesBuildPhase;
			buildActionMask = 2147483647;
			files = (
				45E3AA02278797540029DAEF /* iOS_PreworkTests.swift in Sources */,
			);
			runOnlyForDeploymentPostprocessing = 0;
		};
		45E3AA03278797540029DAEF /* Sources */ = {
			isa = PBXSourcesBuildPhase;
			buildActionMask = 2147483647;
			files = (
				45E3AA0C278797540029DAEF /* iOS_PreworkUITests.swift in Sources */,
				45E3AA0E278797540029DAEF /* iOS_PreworkUITestsLaunchTests.swift in Sources */,
			);
			runOnlyForDeploymentPostprocessing = 0;
		};
/* End PBXSourcesBuildPhase section */

/* Begin PBXTargetDependency section */
		45E3A9FF278797540029DAEF /* PBXTargetDependency */ = {
			isa = PBXTargetDependency;
			target = 45E3A9E6278797520029DAEF /* iOS Prework */;
			targetProxy = 45E3A9FE278797540029DAEF /* PBXContainerItemProxy */;
		};
		45E3AA09278797540029DAEF /* PBXTargetDependency */ = {
			isa = PBXTargetDependency;
			target = 45E3A9E6278797520029DAEF /* iOS Prework */;
			targetProxy = 45E3AA08278797540029DAEF /* PBXContainerItemProxy */;
		};
/* End PBXTargetDependency section */

/* Begin PBXVariantGroup section */
		45E3A9F0278797520029DAEF /* Main.storyboard */ = {
			isa = PBXVariantGroup;
			children = (
				45E3A9F1278797520029DAEF /* Base */,
			);
			name = Main.storyboard;
			sourceTree = "<group>";
		};
		45E3A9F5278797540029DAEF /* LaunchScreen.storyboard */ = {
			isa = PBXVariantGroup;
			children = (
				45E3A9F6278797540029DAEF /* Base */,
			);
			name = LaunchScreen.storyboard;
			sourceTree = "<group>";
		};
/* End PBXVariantGroup section */

/* Begin XCBuildConfiguration section */
		45E3AA0F278797540029DAEF /* Debug */ = {
			isa = XCBuildConfiguration;
			buildSettings = {
				ALWAYS_SEARCH_USER_PATHS = NO;
				CLANG_ANALYZER_NONNULL = YES;
				CLANG_ANALYZER_NUMBER_OBJECT_CONVERSION = YES_AGGRESSIVE;
				CLANG_CXX_LANGUAGE_STANDARD = "gnu++17";
				CLANG_CXX_LIBRARY = "libc++";
				CLANG_ENABLE_MODULES = YES;
				CLANG_ENABLE_OBJC_ARC = YES;
				CLANG_ENABLE_OBJC_WEAK = YES;
				CLANG_WARN_BLOCK_CAPTURE_AUTORELEASING = YES;
				CLANG_WARN_BOOL_CONVERSION = YES;
				CLANG_WARN_COMMA = YES;
				CLANG_WARN_CONSTANT_CONVERSION = YES;
				CLANG_WARN_DEPRECATED_OBJC_IMPLEMENTATIONS = YES;
				CLANG_WARN_DIRECT_OBJC_ISA_USAGE = YES_ERROR;
				CLANG_WARN_DOCUMENTATION_COMMENTS = YES;
				CLANG_WARN_EMPTY_BODY = YES;
				CLANG_WARN_ENUM_CONVERSION = YES;
				CLANG_WARN_INFINITE_RECURSION = YES;
				CLANG_WARN_INT_CONVERSION = YES;
				CLANG_WARN_NON_LITERAL_NULL_CONVERSION = YES;
				CLANG_WARN_OBJC_IMPLICIT_RETAIN_SELF = YES;
				CLANG_WARN_OBJC_LITERAL_CONVERSION = YES;
				CLANG_WARN_OBJC_ROOT_CLASS = YES_ERROR;
				CLANG_WARN_QUOTED_INCLUDE_IN_FRAMEWORK_HEADER = YES;
				CLANG_WARN_RANGE_LOOP_ANALYSIS = YES;
				CLANG_WARN_STRICT_PROTOTYPES = YES;
				CLANG_WARN_SUSPICIOUS_MOVE = YES;
				CLANG_WARN_UNGUARDED_AVAILABILITY = YES_AGGRESSIVE;
				CLANG_WARN_UNREACHABLE_CODE = YES;
				CLANG_WARN__DUPLICATE_METHOD_MATCH = YES;
				COPY_PHASE_STRIP = NO;
				DEBUG_INFORMATION_FORMAT = dwarf;
				ENABLE_STRICT_OBJC_MSGSEND = YES;
				ENABLE_TESTABILITY = YES;
				GCC_C_LANGUAGE_STANDARD = gnu11;
				GCC_DYNAMIC_NO_PIC = NO;
				GCC_NO_COMMON_BLOCKS = YES;
				GCC_OPTIMIZATION_LEVEL = 0;
				GCC_PREPROCESSOR_DEFINITIONS = (
					"DEBUG=1",
					"$(inherited)",
				);
				GCC_WARN_64_TO_32_BIT_CONVERSION = YES;
				GCC_WARN_ABOUT_RETURN_TYPE = YES_ERROR;
				GCC_WARN_UNDECLARED_SELECTOR = YES;
				GCC_WARN_UNINITIALIZED_AUTOS = YES_AGGRESSIVE;
				GCC_WARN_UNUSED_FUNCTION = YES;
				GCC_WARN_UNUSED_VARIABLE = YES;
				IPHONEOS_DEPLOYMENT_TARGET = 15.2;
				MTL_ENABLE_DEBUG_INFO = INCLUDE_SOURCE;
				MTL_FAST_MATH = YES;
				ONLY_ACTIVE_ARCH = YES;
				SDKROOT = iphoneos;
				SWIFT_ACTIVE_COMPILATION_CONDITIONS = DEBUG;
				SWIFT_OPTIMIZATION_LEVEL = "-Onone";
			};
			name = Debug;
		};
		45E3AA10278797540029DAEF /* Release */ = {
			isa = XCBuildConfiguration;
			buildSettings = {
				ALWAYS_SEARCH_USER_PATHS = NO;
				CLANG_ANALYZER_NONNULL = YES;
				CLANG_ANALYZER_NUMBER_OBJECT_CONVERSION = YES_AGGRESSIVE;
				CLANG_CXX_LANGUAGE_STANDARD = "gnu++17";
				CLANG_CXX_LIBRARY = "libc++";
				CLANG_ENABLE_MODULES = YES;
				CLANG_ENABLE_OBJC_ARC = YES;
				CLANG_ENABLE_OBJC_WEAK = YES;
				CLANG_WARN_BLOCK_CAPTURE_AUTORELEASING = YES;
				CLANG_WARN_BOOL_CONVERSION = YES;
				CLANG_WARN_COMMA = YES;
				CLANG_WARN_CONSTANT_CONVERSION = YES;
				CLANG_WARN_DEPRECATED_OBJC_IMPLEMENTATIONS = YES;
				CLANG_WARN_DIRECT_OBJC_ISA_USAGE = YES_ERROR;
				CLANG_WARN_DOCUMENTATION_COMMENTS = YES;
				CLANG_WARN_EMPTY_BODY = YES;
				CLANG_WARN_ENUM_CONVERSION = YES;
				CLANG_WARN_INFINITE_RECURSION = YES;
				CLANG_WARN_INT_CONVERSION = YES;
				CLANG_WARN_NON_LITERAL_NULL_CONVERSION = YES;
				CLANG_WARN_OBJC_IMPLICIT_RETAIN_SELF = YES;
				CLANG_WARN_OBJC_LITERAL_CONVERSION = YES;
				CLANG_WARN_OBJC_ROOT_CLASS = YES_ERROR;
				CLANG_WARN_QUOTED_INCLUDE_IN_FRAMEWORK_HEADER = YES;
				CLANG_WARN_RANGE_LOOP_ANALYSIS = YES;
				CLANG_WARN_STRICT_PROTOTYPES = YES;
				CLANG_WARN_SUSPICIOUS_MOVE = YES;
				CLANG_WARN_UNGUARDED_AVAILABILITY = YES_AGGRESSIVE;
				CLANG_WARN_UNREACHABLE_CODE = YES;
				CLANG_WARN__DUPLICATE_METHOD_MATCH = YES;
				COPY_PHASE_STRIP = NO;
				DEBUG_INFORMATION_FORMAT = "dwarf-with-dsym";
				ENABLE_NS_ASSERTIONS = NO;
				ENABLE_STRICT_OBJC_MSGSEND = YES;
				GCC_C_LANGUAGE_STANDARD = gnu11;
				GCC_NO_COMMON_BLOCKS = YES;
				GCC_WARN_64_TO_32_BIT_CONVERSION = YES;
				GCC_WARN_ABOUT_RETURN_TYPE = YES_ERROR;
				GCC_WARN_UNDECLARED_SELECTOR = YES;
				GCC_WARN_UNINITIALIZED_AUTOS = YES_AGGRESSIVE;
				GCC_WARN_UNUSED_FUNCTION = YES;
				GCC_WARN_UNUSED_VARIABLE = YES;
				IPHONEOS_DEPLOYMENT_TARGET = 15.2;
				MTL_ENABLE_DEBUG_INFO = NO;
				MTL_FAST_MATH = YES;
				SDKROOT = iphoneos;
				SWIFT_COMPILATION_MODE = wholemodule;
				SWIFT_OPTIMIZATION_LEVEL = "-O";
				VALIDATE_PRODUCT = YES;
			};
			name = Release;
		};
		45E3AA12278797540029DAEF /* Debug */ = {
			isa = XCBuildConfiguration;
			buildSettings = {
				ASSETCATALOG_COMPILER_APPICON_NAME = AppIcon;
				ASSETCATALOG_COMPILER_GLOBAL_ACCENT_COLOR_NAME = AccentColor;
				CODE_SIGN_STYLE = Automatic;
				CURRENT_PROJECT_VERSION = 1;
				GENERATE_INFOPLIST_FILE = YES;
				INFOPLIST_FILE = "iOS Prework/Info.plist";
				INFOPLIST_KEY_UIApplicationSupportsIndirectInputEvents = YES;
				INFOPLIST_KEY_UILaunchStoryboardName = LaunchScreen;
				INFOPLIST_KEY_UIMainStoryboardFile = Main;
				INFOPLIST_KEY_UISupportedInterfaceOrientations_iPad = "UIInterfaceOrientationPortrait UIInterfaceOrientationPortraitUpsideDown UIInterfaceOrientationLandscapeLeft UIInterfaceOrientationLandscapeRight";
				INFOPLIST_KEY_UISupportedInterfaceOrientations_iPhone = "UIInterfaceOrientationPortrait UIInterfaceOrientationLandscapeLeft UIInterfaceOrientationLandscapeRight";
				LD_RUNPATH_SEARCH_PATHS = (
					"$(inherited)",
					"@executable_path/Frameworks",
				);
				MARKETING_VERSION = 1.0;
				PRODUCT_BUNDLE_IDENTIFIER = "memo.com.iOS-Prework";
				PRODUCT_NAME = "$(TARGET_NAME)";
				SWIFT_EMIT_LOC_STRINGS = YES;
				SWIFT_VERSION = 5.0;
				TARGETED_DEVICE_FAMILY = "1,2";
			};
			name = Debug;
		};
		45E3AA13278797540029DAEF /* Release */ = {
			isa = XCBuildConfiguration;
			buildSettings = {
				ASSETCATALOG_COMPILER_APPICON_NAME = AppIcon;
				ASSETCATALOG_COMPILER_GLOBAL_ACCENT_COLOR_NAME = AccentColor;
				CODE_SIGN_STYLE = Automatic;
				CURRENT_PROJECT_VERSION = 1;
				GENERATE_INFOPLIST_FILE = YES;
				INFOPLIST_FILE = "iOS Prework/Info.plist";
				INFOPLIST_KEY_UIApplicationSupportsIndirectInputEvents = YES;
				INFOPLIST_KEY_UILaunchStoryboardName = LaunchScreen;
				INFOPLIST_KEY_UIMainStoryboardFile = Main;
				INFOPLIST_KEY_UISupportedInterfaceOrientations_iPad = "UIInterfaceOrientationPortrait UIInterfaceOrientationPortraitUpsideDown UIInterfaceOrientationLandscapeLeft UIInterfaceOrientationLandscapeRight";
				INFOPLIST_KEY_UISupportedInterfaceOrientations_iPhone = "UIInterfaceOrientationPortrait UIInterfaceOrientationLandscapeLeft UIInterfaceOrientationLandscapeRight";
				LD_RUNPATH_SEARCH_PATHS = (
					"$(inherited)",
					"@executable_path/Frameworks",
				);
				MARKETING_VERSION = 1.0;
				PRODUCT_BUNDLE_IDENTIFIER = "memo.com.iOS-Prework";
				PRODUCT_NAME = "$(TARGET_NAME)";
				SWIFT_EMIT_LOC_STRINGS = YES;
				SWIFT_VERSION = 5.0;
				TARGETED_DEVICE_FAMILY = "1,2";
			};
			name = Release;
		};
		45E3AA15278797540029DAEF /* Debug */ = {
			isa = XCBuildConfiguration;
			buildSettings = {
				ALWAYS_EMBED_SWIFT_STANDARD_LIBRARIES = YES;
				BUNDLE_LOADER = "$(TEST_HOST)";
				CODE_SIGN_STYLE = Automatic;
				CURRENT_PROJECT_VERSION = 1;
				GENERATE_INFOPLIST_FILE = YES;
				IPHONEOS_DEPLOYMENT_TARGET = 15.2;
				MARKETING_VERSION = 1.0;
				PRODUCT_BUNDLE_IDENTIFIER = "memo.com.iOS-PreworkTests";
				PRODUCT_NAME = "$(TARGET_NAME)";
				SWIFT_EMIT_LOC_STRINGS = NO;
				SWIFT_VERSION = 5.0;
				TARGETED_DEVICE_FAMILY = "1,2";
				TEST_HOST = "$(BUILT_PRODUCTS_DIR)/iOS Prework.app/iOS Prework";
			};
			name = Debug;
		};
		45E3AA16278797540029DAEF /* Release */ = {
			isa = XCBuildConfiguration;
			buildSettings = {
				ALWAYS_EMBED_SWIFT_STANDARD_LIBRARIES = YES;
				BUNDLE_LOADER = "$(TEST_HOST)";
				CODE_SIGN_STYLE = Automatic;
				CURRENT_PROJECT_VERSION = 1;
				GENERATE_INFOPLIST_FILE = YES;
				IPHONEOS_DEPLOYMENT_TARGET = 15.2;
				MARKETING_VERSION = 1.0;
				PRODUCT_BUNDLE_IDENTIFIER = "memo.com.iOS-PreworkTests";
				PRODUCT_NAME = "$(TARGET_NAME)";
				SWIFT_EMIT_LOC_STRINGS = NO;
				SWIFT_VERSION = 5.0;
				TARGETED_DEVICE_FAMILY = "1,2";
				TEST_HOST = "$(BUILT_PRODUCTS_DIR)/iOS Prework.app/iOS Prework";
			};
			name = Release;
		};
		45E3AA18278797540029DAEF /* Debug */ = {
			isa = XCBuildConfiguration;
			buildSettings = {
				ALWAYS_EMBED_SWIFT_STANDARD_LIBRARIES = YES;
				CODE_SIGN_STYLE = Automatic;
				CURRENT_PROJECT_VERSION = 1;
				GENERATE_INFOPLIST_FILE = YES;
				MARKETING_VERSION = 1.0;
				PRODUCT_BUNDLE_IDENTIFIER = "memo.com.iOS-PreworkUITests";
				PRODUCT_NAME = "$(TARGET_NAME)";
				SWIFT_EMIT_LOC_STRINGS = NO;
				SWIFT_VERSION = 5.0;
				TARGETED_DEVICE_FAMILY = "1,2";
				TEST_TARGET_NAME = "iOS Prework";
			};
			name = Debug;
		};
		45E3AA19278797540029DAEF /* Release */ = {
			isa = XCBuildConfiguration;
			buildSettings = {
				ALWAYS_EMBED_SWIFT_STANDARD_LIBRARIES = YES;
				CODE_SIGN_STYLE = Automatic;
				CURRENT_PROJECT_VERSION = 1;
				GENERATE_INFOPLIST_FILE = YES;
				MARKETING_VERSION = 1.0;
				PRODUCT_BUNDLE_IDENTIFIER = "memo.com.iOS-PreworkUITests";
				PRODUCT_NAME = "$(TARGET_NAME)";
				SWIFT_EMIT_LOC_STRINGS = NO;
				SWIFT_VERSION = 5.0;
				TARGETED_DEVICE_FAMILY = "1,2";
				TEST_TARGET_NAME = "iOS Prework";
			};
			name = Release;
		};
/* End XCBuildConfiguration section */

/* Begin XCConfigurationList section */
		45E3A9E2278797520029DAEF /* Build configuration list for PBXProject "iOS Prework" */ = {
			isa = XCConfigurationList;
			buildConfigurations = (
				45E3AA0F278797540029DAEF /* Debug */,
				45E3AA10278797540029DAEF /* Release */,
			);
			defaultConfigurationIsVisible = 0;
			defaultConfigurationName = Release;
		};
		45E3AA11278797540029DAEF /* Build configuration list for PBXNativeTarget "iOS Prework" */ = {
			isa = XCConfigurationList;
			buildConfigurations = (
				45E3AA12278797540029DAEF /* Debug */,
				45E3AA13278797540029DAEF /* Release */,
			);
			defaultConfigurationIsVisible = 0;
			defaultConfigurationName = Release;
		};
		45E3AA14278797540029DAEF /* Build configuration list for PBXNativeTarget "iOS PreworkTests" */ = {
			isa = XCConfigurationList;
			buildConfigurations = (
				45E3AA15278797540029DAEF /* Debug */,
				45E3AA16278797540029DAEF /* Release */,
			);
			defaultConfigurationIsVisible = 0;
			defaultConfigurationName = Release;
		};
		45E3AA17278797540029DAEF /* Build configuration list for PBXNativeTarget "iOS PreworkUITests" */ = {
			isa = XCConfigurationList;
			buildConfigurations = (
				45E3AA18278797540029DAEF /* Debug */,
				45E3AA19278797540029DAEF /* Release */,
			);
			defaultConfigurationIsVisible = 0;
			defaultConfigurationName = Release;
		};
/* End XCConfigurationList section */
	};
	rootObject = 45E3A9DF278797520029DAEF /* Project object */;
}
